
Microsoft Visual Studio Solution File, Format Version 12.00
# Visual Studio Version 17
VisualStudioVersion = 17.6.33723.286
MinimumVisualStudioVersion = 10.0.40219.1
Project("{2150E333-8FDC-42A3-9474-1A3956D46DE8}") = "Solution Items", "Solution Items", "{61F068A0-9124-48F6-B336-22D627C8278E}"
	ProjectSection(SolutionItems) = preProject
		.editorconfig = .editorconfig
		..\.gitignore = ..\.gitignore
		..\LICENSE.md = ..\LICENSE.md
		..\README.md = ..\README.md
	EndProjectSection
EndProject
Project("{9A19103F-16F7-4668-BE54-9A1E7A4F7556}") = "Codeography.Example", "Codeography.Example\Codeography.Example.csproj", "{A729E40C-9CA4-4E65-9CEE-3D38FCD2BBEF}"
EndProject
Project("{FAE04EC0-301F-11D3-BF4B-00C04F79EFBC}") = "Codeography", "Codeography\Codeography.csproj", "{5131F30A-5EF0-4F81-838A-DCF58A1993D0}"
EndProject
Project("{FAE04EC0-301F-11D3-BF4B-00C04F79EFBC}") = "Codeography.Tests", "Codeography.Tests\Codeography.Tests.csproj", "{9D6DE503-DFE4-46B2-9C6A-D3B7A18BEB78}"
EndProject
Global
	GlobalSection(SolutionConfigurationPlatforms) = preSolution
		Debug|Any CPU = Debug|Any CPU
		Release|Any CPU = Release|Any CPU
	EndGlobalSection
	GlobalSection(ProjectConfigurationPlatforms) = postSolution
		{A729E40C-9CA4-4E65-9CEE-3D38FCD2BBEF}.Debug|Any CPU.ActiveCfg = Debug|Any CPU
		{A729E40C-9CA4-4E65-9CEE-3D38FCD2BBEF}.Debug|Any CPU.Build.0 = Debug|Any CPU
		{A729E40C-9CA4-4E65-9CEE-3D38FCD2BBEF}.Release|Any CPU.ActiveCfg = Release|Any CPU
		{A729E40C-9CA4-4E65-9CEE-3D38FCD2BBEF}.Release|Any CPU.Build.0 = Release|Any CPU
		{5131F30A-5EF0-4F81-838A-DCF58A1993D0}.Debug|Any CPU.ActiveCfg = Debug|Any CPU
		{5131F30A-5EF0-4F81-838A-DCF58A1993D0}.Debug|Any CPU.Build.0 = Debug|Any CPU
		{5131F30A-5EF0-4F81-838A-DCF58A1993D0}.Release|Any CPU.ActiveCfg = Release|Any CPU
		{5131F30A-5EF0-4F81-838A-DCF58A1993D0}.Release|Any CPU.Build.0 = Release|Any CPU
		{9D6DE503-DFE4-46B2-9C6A-D3B7A18BEB78}.Debug|Any CPU.ActiveCfg = Debug|Any CPU
		{9D6DE503-DFE4-46B2-9C6A-D3B7A18BEB78}.Debug|Any CPU.Build.0 = Debug|Any CPU
		{9D6DE503-DFE4-46B2-9C6A-D3B7A18BEB78}.Release|Any CPU.ActiveCfg = Release|Any CPU
		{9D6DE503-DFE4-46B2-9C6A-D3B7A18BEB78}.Release|Any CPU.Build.0 = Release|Any CPU
	EndGlobalSection
	GlobalSection(SolutionProperties) = preSolution
		HideSolutionNode = FALSE
	EndGlobalSection
	GlobalSection(ExtensibilityGlobals) = postSolution
		SolutionGuid = {760411CA-6861-4867-8E63-3D5444E70BE1}
	EndGlobalSection
EndGlobal
